
Microsoft Visual Studio Solution File, Format Version 12.00
# Visual Studio Version 17
VisualStudioVersion = 17.1.32228.430
MinimumVisualStudioVersion = 10.0.40219.1
Project("{FAE04EC0-301F-11D3-BF4B-00C04F79EFBC}") = "ConsoleApp76", "ConsoleApp76\ConsoleApp76.csproj", "{24F4E2A3-97D4-41C6-80D7-AB4D0DC7BAA8}"
EndProject
Global
	GlobalSection(SolutionConfigurationPlatforms) = preSolution
		Debug|Any CPU = Debug|Any CPU
		Release|Any CPU = Release|Any CPU
	EndGlobalSection
	GlobalSection(ProjectConfigurationPlatforms) = postSolution
		{24F4E2A3-97D4-41C6-80D7-AB4D0DC7BAA8}.Debug|Any CPU.ActiveCfg = Debug|Any CPU
		{24F4E2A3-97D4-41C6-80D7-AB4D0DC7BAA8}.Debug|Any CPU.Build.0 = Debug|Any CPU
		{24F4E2A3-97D4-41C6-80D7-AB4D0DC7BAA8}.Release|Any CPU.ActiveCfg = Release|Any CPU
		{24F4E2A3-97D4-41C6-80D7-AB4D0DC7BAA8}.Release|Any CPU.Build.0 = Release|Any CPU
	EndGlobalSection
	GlobalSection(SolutionProperties) = preSolution
		HideSolutionNode = FALSE
	EndGlobalSection
	GlobalSection(ExtensibilityGlobals) = postSolution
		SolutionGuid = {3EF7E740-9F86-4865-B71F-36FB03D26546}
	EndGlobalSection
EndGlobal
